
Microsoft Visual Studio Solution File, Format Version 12.00
# Visual Studio Version 17
VisualStudioVersion = 17.8.34309.116
MinimumVisualStudioVersion = 10.0.40219.1
Project("{FAE04EC0-301F-11D3-BF4B-00C04F79EFBC}") = "ProyectoEcommerce", "ProyectoEcommerce\ProyectoEcommerce.csproj", "{908FBD2A-723D-4F35-A126-B8526449589C}"
EndProject
Global
	GlobalSection(SolutionConfigurationPlatforms) = preSolution
		Debug|Any CPU = Debug|Any CPU
		Release|Any CPU = Release|Any CPU
	EndGlobalSection
	GlobalSection(ProjectConfigurationPlatforms) = postSolution
		{908FBD2A-723D-4F35-A126-B8526449589C}.Debug|Any CPU.ActiveCfg = Debug|Any CPU
		{908FBD2A-723D-4F35-A126-B8526449589C}.Debug|Any CPU.Build.0 = Debug|Any CPU
		{908FBD2A-723D-4F35-A126-B8526449589C}.Release|Any CPU.ActiveCfg = Release|Any CPU
		{908FBD2A-723D-4F35-A126-B8526449589C}.Release|Any CPU.Build.0 = Release|Any CPU
	EndGlobalSection
	GlobalSection(SolutionProperties) = preSolution
		HideSolutionNode = FALSE
	EndGlobalSection
	GlobalSection(ExtensibilityGlobals) = postSolution
		SolutionGuid = {4C6FB15B-0E7E-47CF-A2DD-0721DC72092D}
	EndGlobalSection
EndGlobal
